
Microsoft Visual Studio Solution File, Format Version 12.00
# Visual Studio Version 17
VisualStudioVersion = 17.3.32929.385
MinimumVisualStudioVersion = 10.0.40219.1
Project("{FAE04EC0-301F-11D3-BF4B-00C04F79EFBC}") = "CurrencyRateAPiApplication.Core", "CurrencyRateAPiApplication\CurrencyRateAPiApplication.Core.csproj", "{454F1223-DD24-4F8D-B004-6AE234A04E91}"
EndProject
Project("{FAE04EC0-301F-11D3-BF4B-00C04F79EFBC}") = "CurrencyRateApiApplication.Common", "CurrencyRateApiApplication.Common\CurrencyRateApiApplication.Common.csproj", "{0D4D02FD-DBCA-4406-8A68-CDFDBB3150BB}"
EndProject
Project("{FAE04EC0-301F-11D3-BF4B-00C04F79EFBC}") = "CurrencyRates", "CurrencyRates\CurrencyRates.csproj", "{C39C0B7F-0613-4942-955C-DF223FC9354C}"
EndProject
Global
	GlobalSection(SolutionConfigurationPlatforms) = preSolution
		Debug|Any CPU = Debug|Any CPU
		Release|Any CPU = Release|Any CPU
	EndGlobalSection
	GlobalSection(ProjectConfigurationPlatforms) = postSolution
		{454F1223-DD24-4F8D-B004-6AE234A04E91}.Debug|Any CPU.ActiveCfg = Debug|Any CPU
		{454F1223-DD24-4F8D-B004-6AE234A04E91}.Debug|Any CPU.Build.0 = Debug|Any CPU
		{454F1223-DD24-4F8D-B004-6AE234A04E91}.Release|Any CPU.ActiveCfg = Release|Any CPU
		{454F1223-DD24-4F8D-B004-6AE234A04E91}.Release|Any CPU.Build.0 = Release|Any CPU
		{0D4D02FD-DBCA-4406-8A68-CDFDBB3150BB}.Debug|Any CPU.ActiveCfg = Debug|Any CPU
		{0D4D02FD-DBCA-4406-8A68-CDFDBB3150BB}.Debug|Any CPU.Build.0 = Debug|Any CPU
		{0D4D02FD-DBCA-4406-8A68-CDFDBB3150BB}.Release|Any CPU.ActiveCfg = Release|Any CPU
		{0D4D02FD-DBCA-4406-8A68-CDFDBB3150BB}.Release|Any CPU.Build.0 = Release|Any CPU
		{C39C0B7F-0613-4942-955C-DF223FC9354C}.Debug|Any CPU.ActiveCfg = Debug|Any CPU
		{C39C0B7F-0613-4942-955C-DF223FC9354C}.Debug|Any CPU.Build.0 = Debug|Any CPU
		{C39C0B7F-0613-4942-955C-DF223FC9354C}.Release|Any CPU.ActiveCfg = Release|Any CPU
		{C39C0B7F-0613-4942-955C-DF223FC9354C}.Release|Any CPU.Build.0 = Release|Any CPU
	EndGlobalSection
	GlobalSection(SolutionProperties) = preSolution
		HideSolutionNode = FALSE
	EndGlobalSection
	GlobalSection(ExtensibilityGlobals) = postSolution
		SolutionGuid = {B63B1753-A2E0-416A-910F-7E74805E7F9F}
	EndGlobalSection
EndGlobal
